// !$*UTF8*$!
{
	archiveVersion = 1;
	classes = {
	};
	objectVersion = 46;
	objects = {

/* Begin PBXBuildFile section */
		EF3D99C41D22D3BE00BEEFFC /* AppDelegate.swift in Sources */ = {isa = PBXBuildFile; fileRef = EF3D99C31D22D3BE00BEEFFC /* AppDelegate.swift */; };
		EF3D99C61D22D3BE00BEEFFC /* ViewController.swift in Sources */ = {isa = PBXBuildFile; fileRef = EF3D99C51D22D3BE00BEEFFC /* ViewController.swift */; };
		EF3D99C91D22D3BE00BEEFFC /* Main.storyboard in Resources */ = {isa = PBXBuildFile; fileRef = EF3D99C71D22D3BE00BEEFFC /* Main.storyboard */; };
		EF3D99CB1D22D3BE00BEEFFC /* Assets.xcassets in Resources */ = {isa = PBXBuildFile; fileRef = EF3D99CA1D22D3BE00BEEFFC /* Assets.xcassets */; };
		EF3D99CE1D22D3BE00BEEFFC /* LaunchScreen.storyboard in Resources */ = {isa = PBXBuildFile; fileRef = EF3D99CC1D22D3BE00BEEFFC /* LaunchScreen.storyboard */; };
/* End PBXBuildFile section */

/* Begin PBXFileReference section */
		EF3D99C01D22D3BE00BEEFFC /* myHomeTownApp.app */ = {isa = PBXFileReference; explicitFileType = wrapper.application; includeInIndex = 0; path = myHomeTownApp.app; sourceTree = BUILT_PRODUCTS_DIR; };
		EF3D99C31D22D3BE00BEEFFC /* AppDelegate.swift */ = {isa = PBXFileReference; lastKnownFileType = sourcecode.swift; path = AppDelegate.swift; sourceTree = "<group>"; };
		EF3D99C51D22D3BE00BEEFFC /* ViewController.swift */ = {isa = PBXFileReference; lastKnownFileType = sourcecode.swift; path = ViewController.swift; sourceTree = "<group>"; };
		EF3D99C81D22D3BE00BEEFFC /* Base */ = {isa = PBXFileReference; lastKnownFileType = file.storyboard; name = Base; path = Base.lproj/Main.storyboard; sourceTree = "<group>"; };
		EF3D99CA1D22D3BE00BEEFFC /* Assets.xcassets */ = {isa = PBXFileReference; lastKnownFileType = folder.assetcatalog; path = Assets.xcassets; sourceTree = "<group>"; };
		EF3D99CD1D22D3BE00BEEFFC /* Base */ = {isa = PBXFileReference; lastKnownFileType = file.storyboard; name = Base; path = Base.lproj/LaunchScreen.storyboard; sourceTree = "<group>"; };
		EF3D99CF1D22D3BE00BEEFFC /* Info.plist */ = {isa = PBXFileReference; lastKnownFileType = text.plist.xml; path = Info.plist; sourceTree = "<group>"; };
/* End PBXFileReference section */

/* Begin PBXFrameworksBuildPhase section */
		EF3D99BD1D22D3BE00BEEFFC /* Frameworks */ = {
			isa = PBXFrameworksBuildPhase;
			buildActionMask = 2147483647;
			files = (
			);
			runOnlyForDeploymentPostprocessing = 0;
		};
/* End PBXFrameworksBuildPhase section */

/* Begin PBXGroup section */
		EF3D99B71D22D3BE00BEEFFC = {
			isa = PBXGroup;
			children = (
				EF3D99C21D22D3BE00BEEFFC /* myHomeTownApp */,
				EF3D99C11D22D3BE00BEEFFC /* Products */,
			);
			sourceTree = "<group>";
		};
		EF3D99C11D22D3BE00BEEFFC /* Products */ = {
			isa = PBXGroup;
			children = (
				EF3D99C01D22D3BE00BEEFFC /* myHomeTownApp.app */,
			);
			name = Products;
			sourceTree = "<group>";
		};
		EF3D99C21D22D3BE00BEEFFC /* myHomeTownApp */ = {
			isa = PBXGroup;
			children = (
				EF3D99C31D22D3BE00BEEFFC /* AppDelegate.swift */,
				EF3D99C51D22D3BE00BEEFFC /* ViewController.swift */,
				EF3D99C71D22D3BE00BEEFFC /* Main.storyboard */,
				EF3D99CA1D22D3BE00BEEFFC /* Assets.xcassets */,
				EF3D99CC1D22D3BE00BEEFFC /* LaunchScreen.storyboard */,
				EF3D99CF1D22D3BE00BEEFFC /* Info.plist */,
			);
			path = myHomeTownApp;
			sourceTree = "<group>";
		};
/* End PBXGroup section */

/* Begin PBXNativeTarget section */
		EF3D99BF1D22D3BE00BEEFFC /* myHomeTownApp */ = {
			isa = PBXNativeTarget;
			buildConfigurationList = EF3D99D21D22D3BE00BEEFFC /* Build configuration list for PBXNativeTarget "myHomeTownApp" */;
			buildPhases = (
				EF3D99BC1D22D3BE00BEEFFC /* Sources */,
				EF3D99BD1D22D3BE00BEEFFC /* Frameworks */,
				EF3D99BE1D22D3BE00BEEFFC /* Resources */,
			);
			buildRules = (
			);
			dependencies = (
			);
			name = myHomeTownApp;
			productName = myHomeTownApp;
			productReference = EF3D99C01D22D3BE00BEEFFC /* myHomeTownApp.app */;
			productType = "com.apple.product-type.application";
		};
/* End PBXNativeTarget section */

/* Begin PBXProject section */
		EF3D99B81D22D3BE00BEEFFC /* Project object */ = {
			isa = PBXProject;
			attributes = {
				LastSwiftUpdateCheck = 0730;
				LastUpgradeCheck = 0730;
				ORGANIZATIONNAME = "Pritinder Singh ";
				TargetAttributes = {
					EF3D99BF1D22D3BE00BEEFFC = {
						CreatedOnToolsVersion = 7.3;
						DevelopmentTeam = X23GRSG6Z9;
					};
				};
			};
			buildConfigurationList = EF3D99BB1D22D3BE00BEEFFC /* Build configuration list for PBXProject "myHomeTownApp" */;
			compatibilityVersion = "Xcode 3.2";
			developmentRegion = English;
			hasScannedForEncodings = 0;
			knownRegions = (
				en,
				Base,
			);
			mainGroup = EF3D99B71D22D3BE00BEEFFC;
			productRefGroup = EF3D99C11D22D3BE00BEEFFC /* Products */;
			projectDirPath = "";
			projectRoot = "";
			targets = (
				EF3D99BF1D22D3BE00BEEFFC /* myHomeTownApp */,
			);
		};
/* End PBXProject section */

/* Begin PBXResourcesBuildPhase section */
		EF3D99BE1D22D3BE00BEEFFC /* Resources */ = {
			isa = PBXResourcesBuildPhase;
			buildActionMask = 2147483647;
			files = (
				EF3D99CE1D22D3BE00BEEFFC /* LaunchScreen.storyboard in Resources */,
				EF3D99CB1D22D3BE00BEEFFC /* Assets.xcassets in Resources */,
				EF3D99C91D22D3BE00BEEFFC /* Main.storyboard in Resources */,
			);
			runOnlyForDeploymentPostprocessing = 0;
		};
/* End PBXResourcesBuildPhase section */

/* Begin PBXSourcesBuildPhase section */
		EF3D99BC1D22D3BE00BEEFFC /* Sources */ = {
			isa = PBXSourcesBuildPhase;
			buildActionMask = 2147483647;
			files = (
				EF3D99C61D22D3BE00BEEFFC /* ViewController.swift in Sources */,
				EF3D99C41D22D3BE00BEEFFC /* AppDelegate.swift in Sources */,
			);
			runOnlyForDeploymentPostprocessing = 0;
		};
/* End PBXSourcesBuildPhase section */

/* Begin PBXVariantGroup section */
		EF3D99C71D22D3BE00BEEFFC /* Main.storyboard */ = {
			isa = PBXVariantGroup;
			children = (
				EF3D99C81D22D3BE00BEEFFC /* Base */,
			);
			name = Main.storyboard;
			sourceTree = "<group>";
		};
		EF3D99CC1D22D3BE00BEEFFC /* LaunchScreen.storyboard */ = {
			isa = PBXVariantGroup;
			children = (
				EF3D99CD1D22D3BE00BEEFFC /* Base */,
			);
			name = LaunchScreen.storyboard;
			sourceTree = "<group>";
		};
/* End PBXVariantGroup section */

/* Begin XCBuildConfiguration section */
		EF3D99D01D22D3BE00BEEFFC /* Debug */ = {
			isa = XCBuildConfiguration;
			buildSettings = {
				ALWAYS_SEARCH_USER_PATHS = NO;
				CLANG_ANALYZER_NONNULL = YES;
				CLANG_CXX_LANGUAGE_STANDARD = "gnu++0x";
				CLANG_CXX_LIBRARY = "libc++";
				CLANG_ENABLE_MODULES = YES;
				CLANG_ENABLE_OBJC_ARC = YES;
				CLANG_WARN_BOOL_CONVERSION = YES;
				CLANG_WARN_CONSTANT_CONVERSION = YES;
				CLANG_WARN_DIRECT_OBJC_ISA_USAGE = YES_ERROR;
				CLANG_WARN_EMPTY_BODY = YES;
				CLANG_WARN_ENUM_CONVERSION = YES;
				CLANG_WARN_INT_CONVERSION = YES;
				CLANG_WARN_OBJC_ROOT_CLASS = YES_ERROR;
				CLANG_WARN_UNREACHABLE_CODE = YES;
				CLANG_WARN__DUPLICATE_METHOD_MATCH = YES;
				"CODE_SIGN_IDENTITY[sdk=iphoneos*]" = "iPhone Developer";
				COPY_PHASE_STRIP = NO;
				DEBUG_INFORMATION_FORMAT = dwarf;
				ENABLE_STRICT_OBJC_MSGSEND = YES;
				ENABLE_TESTABILITY = YES;
				GCC_C_LANGUAGE_STANDARD = gnu99;
				GCC_DYNAMIC_NO_PIC = NO;
				GCC_NO_COMMON_BLOCKS = YES;
				GCC_OPTIMIZATION_LEVEL = 0;
				GCC_PREPROCESSOR_DEFINITIONS = (
					"DEBUG=1",
					"$(inherited)",
				);
				GCC_WARN_64_TO_32_BIT_CONVERSION = YES;
				GCC_WARN_ABOUT_RETURN_TYPE = YES_ERROR;
				GCC_WARN_UNDECLARED_SELECTOR = YES;
				GCC_WARN_UNINITIALIZED_AUTOS = YES_AGGRESSIVE;
				GCC_WARN_UNUSED_FUNCTION = YES;
				GCC_WARN_UNUSED_VARIABLE = YES;
				IPHONEOS_DEPLOYMENT_TARGET = 9.3;
				MTL_ENABLE_DEBUG_INFO = YES;
				ONLY_ACTIVE_ARCH = YES;
				SDKROOT = iphoneos;
				SWIFT_OPTIMIZATION_LEVEL = "-Onone";
				TARGETED_DEVICE_FAMILY = "1,2";
			};
			name = Debug;
		};
		EF3D99D11D22D3BE00BEEFFC /* Release */ = {
			isa = XCBuildConfiguration;
			buildSettings = {
				ALWAYS_SEARCH_USER_PATHS = NO;
				CLANG_ANALYZER_NONNULL = YES;
				CLANG_CXX_LANGUAGE_STANDARD = "gnu++0x";
				CLANG_CXX_LIBRARY = "libc++";
				CLANG_ENABLE_MODULES = YES;
				CLANG_ENABLE_OBJC_ARC = YES;
				CLANG_WARN_BOOL_CONVERSION = YES;
				CLANG_WARN_CONSTANT_CONVERSION = YES;
				CLANG_WARN_DIRECT_OBJC_ISA_USAGE = YES_ERROR;
				CLANG_WARN_EMPTY_BODY = YES;
				CLANG_WARN_ENUM_CONVERSION = YES;
				CLANG_WARN_INT_CONVERSION = YES;
				CLANG_WARN_OBJC_ROOT_CLASS = YES_ERROR;
				CLANG_WARN_UNREACHABLE_CODE = YES;
				CLANG_WARN__DUPLICATE_METHOD_MATCH = YES;
				"CODE_SIGN_IDENTITY[sdk=iphoneos*]" = "iPhone Developer";
				COPY_PHASE_STRIP = NO;
				DEBUG_INFORMATION_FORMAT = "dwarf-with-dsym";
				ENABLE_NS_ASSERTIONS = NO;
				ENABLE_STRICT_OBJC_MSGSEND = YES;
				GCC_C_LANGUAGE_STANDARD = gnu99;
				GCC_NO_COMMON_BLOCKS = YES;
				GCC_WARN_64_TO_32_BIT_CONVERSION = YES;
				GCC_WARN_ABOUT_RETURN_TYPE = YES_ERROR;
				GCC_WARN_UNDECLARED_SELECTOR = YES;
				GCC_WARN_UNINITIALIZED_AUTOS = YES_AGGRESSIVE;
				GCC_WARN_UNUSED_FUNCTION = YES;
				GCC_WARN_UNUSED_VARIABLE = YES;
				IPHONEOS_DEPLOYMENT_TARGET = 9.3;
				MTL_ENABLE_DEBUG_INFO = NO;
				SDKROOT = iphoneos;
				TARGETED_DEVICE_FAMILY = "1,2";
				VALIDATE_PRODUCT = YES;
			};
			name = Release;
		};
		EF3D99D31D22D3BE00BEEFFC /* Debug */ = {
			isa = XCBuildConfiguration;
			buildSettings = {
				ASSETCATALOG_COMPILER_APPICON_NAME = AppIcon;
				INFOPLIST_FILE = myHomeTownApp/Info.plist;
				LD_RUNPATH_SEARCH_PATHS = "$(inherited) @executable_path/Frameworks";
				PRODUCT_BUNDLE_IDENTIFIER = Myself.myHomeTownApp;
				PRODUCT_NAME = "$(TARGET_NAME)";
			};
			name = Debug;
		};
		EF3D99D41D22D3BE00BEEFFC /* Release */ = {
			isa = XCBuildConfiguration;
			buildSettings = {
				ASSETCATALOG_COMPILER_APPICON_NAME = AppIcon;
				INFOPLIST_FILE = myHomeTownApp/Info.plist;
				LD_RUNPATH_SEARCH_PATHS = "$(inherited) @executable_path/Frameworks";
				PRODUCT_BUNDLE_IDENTIFIER = Myself.myHomeTownApp;
				PRODUCT_NAME = "$(TARGET_NAME)";
			};
			name = Release;
		};
/* End XCBuildConfiguration section */

/* Begin XCConfigurationList section */
		EF3D99BB1D22D3BE00BEEFFC /* Build configuration list for PBXProject "myHomeTownApp" */ = {
			isa = XCConfigurationList;
			buildConfigurations = (
				EF3D99D01D22D3BE00BEEFFC /* Debug */,
				EF3D99D11D22D3BE00BEEFFC /* Release */,
			);
			defaultConfigurationIsVisible = 0;
			defaultConfigurationName = Release;
		};
		EF3D99D21D22D3BE00BEEFFC /* Build configuration list for PBXNativeTarget "myHomeTownApp" */ = {
			isa = XCConfigurationList;
			buildConfigurations = (
				EF3D99D31D22D3BE00BEEFFC /* Debug */,
				EF3D99D41D22D3BE00BEEFFC /* Release */,
			);
			defaultConfigurationIsVisible = 0;
		};
/* End XCConfigurationList section */
	};
	rootObject = EF3D99B81D22D3BE00BEEFFC /* Project object */;
}
